
Microsoft Visual Studio Solution File, Format Version 12.00
# Visual Studio Version 17
VisualStudioVersion = 17.4.33213.308
MinimumVisualStudioVersion = 10.0.40219.1
Project("{9A19103F-16F7-4668-BE54-9A1E7A4F7556}") = "iRenta.TestTask.Api", "iRenta.TestTask.Api\iRenta.TestTask.Api.csproj", "{389533D7-D4E5-43F6-A3E6-362068E505D2}"
EndProject
Project("{FAE04EC0-301F-11D3-BF4B-00C04F79EFBC}") = "iRenta.TestTask.Domain", "iRenta.TestTask.Domain\iRenta.TestTask.Domain.csproj", "{571D3100-297D-4F53-A88A-01FBC528E0BC}"
EndProject
Project("{FAE04EC0-301F-11D3-BF4B-00C04F79EFBC}") = "iRenta.TestTask.Persistence", "iRenta.TestTask.Persistence\iRenta.TestTask.Persistence.csproj", "{A41D890D-B98D-4DE1-9329-C2DB3D953E3A}"
EndProject
Project("{FAE04EC0-301F-11D3-BF4B-00C04F79EFBC}") = "iRenta.TestTask.Application", "iRenta.TestTask.Application\iRenta.TestTask.Application.csproj", "{CDBC9AB6-1F90-48AF-A0D6-B6F773A8424F}"
EndProject
Global
	GlobalSection(SolutionConfigurationPlatforms) = preSolution
		Debug|Any CPU = Debug|Any CPU
		Release|Any CPU = Release|Any CPU
	EndGlobalSection
	GlobalSection(ProjectConfigurationPlatforms) = postSolution
		{389533D7-D4E5-43F6-A3E6-362068E505D2}.Debug|Any CPU.ActiveCfg = Debug|Any CPU
		{389533D7-D4E5-43F6-A3E6-362068E505D2}.Debug|Any CPU.Build.0 = Debug|Any CPU
		{389533D7-D4E5-43F6-A3E6-362068E505D2}.Release|Any CPU.ActiveCfg = Release|Any CPU
		{389533D7-D4E5-43F6-A3E6-362068E505D2}.Release|Any CPU.Build.0 = Release|Any CPU
		{571D3100-297D-4F53-A88A-01FBC528E0BC}.Debug|Any CPU.ActiveCfg = Debug|Any CPU
		{571D3100-297D-4F53-A88A-01FBC528E0BC}.Debug|Any CPU.Build.0 = Debug|Any CPU
		{571D3100-297D-4F53-A88A-01FBC528E0BC}.Release|Any CPU.ActiveCfg = Release|Any CPU
		{571D3100-297D-4F53-A88A-01FBC528E0BC}.Release|Any CPU.Build.0 = Release|Any CPU
		{A41D890D-B98D-4DE1-9329-C2DB3D953E3A}.Debug|Any CPU.ActiveCfg = Debug|Any CPU
		{A41D890D-B98D-4DE1-9329-C2DB3D953E3A}.Debug|Any CPU.Build.0 = Debug|Any CPU
		{A41D890D-B98D-4DE1-9329-C2DB3D953E3A}.Release|Any CPU.ActiveCfg = Release|Any CPU
		{A41D890D-B98D-4DE1-9329-C2DB3D953E3A}.Release|Any CPU.Build.0 = Release|Any CPU
		{CDBC9AB6-1F90-48AF-A0D6-B6F773A8424F}.Debug|Any CPU.ActiveCfg = Debug|Any CPU
		{CDBC9AB6-1F90-48AF-A0D6-B6F773A8424F}.Debug|Any CPU.Build.0 = Debug|Any CPU
		{CDBC9AB6-1F90-48AF-A0D6-B6F773A8424F}.Release|Any CPU.ActiveCfg = Release|Any CPU
		{CDBC9AB6-1F90-48AF-A0D6-B6F773A8424F}.Release|Any CPU.Build.0 = Release|Any CPU
	EndGlobalSection
	GlobalSection(SolutionProperties) = preSolution
		HideSolutionNode = FALSE
	EndGlobalSection
	GlobalSection(ExtensibilityGlobals) = postSolution
		SolutionGuid = {C858FE90-FAD8-4B04-8490-1415D2E33E87}
	EndGlobalSection
EndGlobal
